
Microsoft Visual Studio Solution File, Format Version 12.00
# Visual Studio Version 16
VisualStudioVersion = 16.0.30204.135
MinimumVisualStudioVersion = 10.0.40219.1
Project("{FAE04EC0-301F-11D3-BF4B-00C04F79EFBC}") = "GenericLisa", "GenericLisa\GenericLisa.csproj", "{2E661F89-D5F7-46BA-82FB-ABA5B6DD042A}"
EndProject
Global
	GlobalSection(SolutionConfigurationPlatforms) = preSolution
		Debug|Any CPU = Debug|Any CPU
		Release|Any CPU = Release|Any CPU
	EndGlobalSection
	GlobalSection(ProjectConfigurationPlatforms) = postSolution
		{2E661F89-D5F7-46BA-82FB-ABA5B6DD042A}.Debug|Any CPU.ActiveCfg = Debug|Any CPU
		{2E661F89-D5F7-46BA-82FB-ABA5B6DD042A}.Debug|Any CPU.Build.0 = Debug|Any CPU
		{2E661F89-D5F7-46BA-82FB-ABA5B6DD042A}.Release|Any CPU.ActiveCfg = Release|Any CPU
		{2E661F89-D5F7-46BA-82FB-ABA5B6DD042A}.Release|Any CPU.Build.0 = Release|Any CPU
	EndGlobalSection
	GlobalSection(SolutionProperties) = preSolution
		HideSolutionNode = FALSE
	EndGlobalSection
	GlobalSection(ExtensibilityGlobals) = postSolution
		SolutionGuid = {2871AD1A-AFD4-4228-82CD-CCCBB4763F18}
	EndGlobalSection
EndGlobal
